
Microsoft Visual Studio Solution File, Format Version 12.00
# Visual Studio 15
VisualStudioVersion = 15.0.26823.1
MinimumVisualStudioVersion = 10.0.40219.1
Project("{9A19103F-16F7-4668-BE54-9A1E7A4F7556}") = "SpecFlow.ProjectSystem.Tests", "SpecFlow.ProjectSystem.Tests\SpecFlow.ProjectSystem.Tests.csproj", "{417A151A-61B5-4008-9483-B41B161FD938}"
EndProject
Project("{2150E333-8FDC-42A3-9474-1A3956D46DE8}") = ".solution", ".solution", "{80EE35C2-13F6-497E-9688-C42C383DDF6B}"
	ProjectSection(SolutionItems) = preProject
		.editorconfig = .editorconfig
		.gitattributes = .gitattributes
		.gitignore = .gitignore
		README.md = README.md
	EndProjectSection
EndProject
Project("{2150E333-8FDC-42A3-9474-1A3956D46DE8}") = "build", "build", "{6C5B058E-8BC2-47FF-8062-359ABB5815CB}"
	ProjectSection(SolutionItems) = preProject
		build\specflow.props = build\specflow.props
		build\specflow.targets = build\specflow.targets
	EndProjectSection
EndProject
Global
	GlobalSection(SolutionConfigurationPlatforms) = preSolution
		Debug|Any CPU = Debug|Any CPU
		Release|Any CPU = Release|Any CPU
	EndGlobalSection
	GlobalSection(ProjectConfigurationPlatforms) = postSolution
		{417A151A-61B5-4008-9483-B41B161FD938}.Debug|Any CPU.ActiveCfg = Debug|Any CPU
		{417A151A-61B5-4008-9483-B41B161FD938}.Debug|Any CPU.Build.0 = Debug|Any CPU
		{417A151A-61B5-4008-9483-B41B161FD938}.Release|Any CPU.ActiveCfg = Release|Any CPU
		{417A151A-61B5-4008-9483-B41B161FD938}.Release|Any CPU.Build.0 = Release|Any CPU
	EndGlobalSection
	GlobalSection(SolutionProperties) = preSolution
		HideSolutionNode = FALSE
	EndGlobalSection
	GlobalSection(ExtensibilityGlobals) = postSolution
		SolutionGuid = {5BE4938A-BB0F-4BB6-BA57-568F59E063D7}
	EndGlobalSection
EndGlobal
